{
  "name": "ShapeShifter",
  "version": "1.0.0",
  "description": "Descrição do seu projeto",
  "scripts": {
    "test": "jest"
  },
  "dependencies": {
    "express": "^4.17.1",
    "mongodb": "^4.3.0"
  },
  "devDependencies": {
    "jest": "^27.0.6",
    "@types/jest": "^27.0.1",
    "supertest": "^6.1.6"
  },
  "repository": {
    "type": "git",
    "url": "URL do seu repositório"
  },
  "author": "Seu Nome",
  "license": "Licença do seu projeto"
}
